
Microsoft Visual Studio Solution File, Format Version 12.00
# Visual Studio Version 17
VisualStudioVersion = 17.0.32014.148
MinimumVisualStudioVersion = 10.0.40219.1
Project("{FAE04EC0-301F-11D3-BF4B-00C04F79EFBC}") = "MMag", "MMag\MMag.csproj", "{039B6E23-1719-4AED-9C64-DC926A9EB0A2}"
EndProject
Global
	GlobalSection(SolutionConfigurationPlatforms) = preSolution
		Debug|Any CPU = Debug|Any CPU
		Release|Any CPU = Release|Any CPU
	EndGlobalSection
	GlobalSection(ProjectConfigurationPlatforms) = postSolution
		{039B6E23-1719-4AED-9C64-DC926A9EB0A2}.Debug|Any CPU.ActiveCfg = Debug|Any CPU
		{039B6E23-1719-4AED-9C64-DC926A9EB0A2}.Debug|Any CPU.Build.0 = Debug|Any CPU
		{039B6E23-1719-4AED-9C64-DC926A9EB0A2}.Release|Any CPU.ActiveCfg = Release|Any CPU
		{039B6E23-1719-4AED-9C64-DC926A9EB0A2}.Release|Any CPU.Build.0 = Release|Any CPU
	EndGlobalSection
	GlobalSection(SolutionProperties) = preSolution
		HideSolutionNode = FALSE
	EndGlobalSection
	GlobalSection(ExtensibilityGlobals) = postSolution
		SolutionGuid = {5B1556F0-14C5-4AFB-8644-2C90EC677B5B}
	EndGlobalSection
EndGlobal
